
Microsoft Visual Studio Solution File, Format Version 10.00
# Visual Studio 2008
Project("{FAE04EC0-301F-11D3-BF4B-00C04F79EFBC}") = "DatabaseRetrieverLib", "DatabaseRetrieverLib.csproj", "{B21E1684-8034-4E44-BAFF-B908D98494A5}"
EndProject
Project("{FAE04EC0-301F-11D3-BF4B-00C04F79EFBC}") = "DatabaseRetrieverService", "..\DatabaseRetrieverService\DatabaseRetrieverService.csproj", "{7CC93452-00A4-4660-BC3B-0312DE08EFEA}"
EndProject
Global
	GlobalSection(SolutionConfigurationPlatforms) = preSolution
		Debug|Any CPU = Debug|Any CPU
		Release|Any CPU = Release|Any CPU
	EndGlobalSection
	GlobalSection(ProjectConfigurationPlatforms) = postSolution
		{B21E1684-8034-4E44-BAFF-B908D98494A5}.Debug|Any CPU.ActiveCfg = Debug|Any CPU
		{B21E1684-8034-4E44-BAFF-B908D98494A5}.Debug|Any CPU.Build.0 = Debug|Any CPU
		{B21E1684-8034-4E44-BAFF-B908D98494A5}.Release|Any CPU.ActiveCfg = Release|Any CPU
		{B21E1684-8034-4E44-BAFF-B908D98494A5}.Release|Any CPU.Build.0 = Release|Any CPU
		{7CC93452-00A4-4660-BC3B-0312DE08EFEA}.Debug|Any CPU.ActiveCfg = Debug|Any CPU
		{7CC93452-00A4-4660-BC3B-0312DE08EFEA}.Debug|Any CPU.Build.0 = Debug|Any CPU
		{7CC93452-00A4-4660-BC3B-0312DE08EFEA}.Release|Any CPU.ActiveCfg = Release|Any CPU
		{7CC93452-00A4-4660-BC3B-0312DE08EFEA}.Release|Any CPU.Build.0 = Release|Any CPU
	EndGlobalSection
	GlobalSection(SolutionProperties) = preSolution
		HideSolutionNode = FALSE
	EndGlobalSection
EndGlobal
